
Microsoft Visual Studio Solution File, Format Version 12.00
# Visual Studio Version 17
VisualStudioVersion = 17.0.31903.59
MinimumVisualStudioVersion = 10.0.40219.1
Project("{FAE04EC0-301F-11D3-BF4B-00C04F79EFBC}") = "BlazorUserApp.Server", "BlazorUserApp.Server\BlazorUserApp.Server.csproj", "{44A7E05A-EEE4-44E1-AD70-701F5EA88D88}"
EndProject
Project("{FAE04EC0-301F-11D3-BF4B-00C04F79EFBC}") = "BlazorUserApp.Client", "BlazorUserApp.Client\BlazorUserApp.Client.csproj", "{2E8C5F5A-A721-4800-A7FA-827C9F139EDD}"
EndProject
Project("{FAE04EC0-301F-11D3-BF4B-00C04F79EFBC}") = "BlazorUserApp.Tests", "BlazorUserApp.Tests\BlazorUserApp.Tests.csproj", "{B4499D73-6989-4BC8-839E-C80457114ED8}"
EndProject
Global
	GlobalSection(SolutionConfigurationPlatforms) = preSolution
		Debug|Any CPU = Debug|Any CPU
		Release|Any CPU = Release|Any CPU
	EndGlobalSection
	GlobalSection(ProjectConfigurationPlatforms) = postSolution
		{44A7E05A-EEE4-44E1-AD70-701F5EA88D88}.Debug|Any CPU.ActiveCfg = Debug|Any CPU
		{44A7E05A-EEE4-44E1-AD70-701F5EA88D88}.Debug|Any CPU.Build.0 = Debug|Any CPU
		{44A7E05A-EEE4-44E1-AD70-701F5EA88D88}.Release|Any CPU.ActiveCfg = Release|Any CPU
		{44A7E05A-EEE4-44E1-AD70-701F5EA88D88}.Release|Any CPU.Build.0 = Release|Any CPU
		{2E8C5F5A-A721-4800-A7FA-827C9F139EDD}.Debug|Any CPU.ActiveCfg = Debug|Any CPU
		{2E8C5F5A-A721-4800-A7FA-827C9F139EDD}.Debug|Any CPU.Build.0 = Debug|Any CPU
		{2E8C5F5A-A721-4800-A7FA-827C9F139EDD}.Release|Any CPU.ActiveCfg = Release|Any CPU
		{2E8C5F5A-A721-4800-A7FA-827C9F139EDD}.Release|Any CPU.Build.0 = Release|Any CPU
		{B4499D73-6989-4BC8-839E-C80457114ED8}.Debug|Any CPU.ActiveCfg = Debug|Any CPU
		{B4499D73-6989-4BC8-839E-C80457114ED8}.Debug|Any CPU.Build.0 = Debug|Any CPU
		{B4499D73-6989-4BC8-839E-C80457114ED8}.Release|Any CPU.ActiveCfg = Release|Any CPU
		{B4499D73-6989-4BC8-839E-C80457114ED8}.Release|Any CPU.Build.0 = Release|Any CPU
	EndGlobalSection
	GlobalSection(SolutionProperties) = preSolution
		HideSolutionNode = FALSE
	EndGlobalSection
EndGlobal
